<?xml version="1.0" encoding="utf-8"?>
<Project ToolsVersion="4.0" xmlns="http://schemas.microsoft.com/developer/msbuild/2003">
  <ItemGroup>
    <Filter Include="Sources">
      <UniqueIdentifier>{8b7ed093-66ce-4096-96d2-fbb9faa4bf52}</UniqueIdentifier>
    </Filter>
    <Filter Include="Sources\Modules">
      <UniqueIdentifier>{7b418be2-1631-4a31-9ef2-8a8b234a7339}</UniqueIdentifier>
    </Filter>
    <Filter Include="Deps">
      <UniqueIdentifier>{ee01b75b-d622-4779-b7ea-6e0c5a191aed}</UniqueIdentifier>
    </Filter>
    <Filter Include="Deps\imGui">
      <UniqueIdentifier>{8101dfa4-7efe-4801-8bd2-79d1cf080711}</UniqueIdentifier>
    </Filter>
    <Filter Include="Sources\GameObjects&amp;Components">
      <UniqueIdentifier>{121f8e6b-df36-4ab0-be0d-601ddfc9e503}</UniqueIdentifier>
    </Filter>
    <Filter Include="Deps\MathGeoLib">
      <UniqueIdentifier>{a86bb45c-92b9-44c2-b84c-5e21fe9bf87c}</UniqueIdentifier>
    </Filter>
    <Filter Include="Deps\MathGeoLib\Time">
      <UniqueIdentifier>{3420ee37-1776-4f6e-95ee-64bdd3275963}</UniqueIdentifier>
    </Filter>
    <Filter Include="Deps\MathGeoLib\Math">
      <UniqueIdentifier>{561afc7b-8c71-46ff-9172-a6b1841137f0}</UniqueIdentifier>
    </Filter>
    <Filter Include="Deps\MathGeoLib\Geometry">
      <UniqueIdentifier>{864a38f9-26d0-4ad4-8b1d-30f9868d9f75}</UniqueIdentifier>
    </Filter>
    <Filter Include="Deps\MathGeoLib\Algorithm">
      <UniqueIdentifier>{b3dd9927-f56b-4faf-a406-79bc4a60c071}</UniqueIdentifier>
    </Filter>
    <Filter Include="Sources\Helpers">
      <UniqueIdentifier>{7e4dfaf7-022c-4f7d-92aa-f3b3fa9d6248}</UniqueIdentifier>
    </Filter>
    <Filter Include="Sources\Tools">
      <UniqueIdentifier>{8b9a4a82-4a3d-4393-99f5-e7ea1d9e39da}</UniqueIdentifier>
    </Filter>
  </ItemGroup>
  <ItemGroup>
    <ClInclude Include="Source/Application.h" />
    <ClInclude Include="Source/Globals.h" />
    <ClInclude Include="Source\Dependencies\imgui\imconfig.h">
      <Filter>Deps\imGui</Filter>
    </ClInclude>
    <ClInclude Include="Source\Dependencies\imgui\imgui.h">
      <Filter>Deps\imGui</Filter>
    </ClInclude>
    <ClInclude Include="Source\Dependencies\imgui\imgui_internal.h">
      <Filter>Deps\imGui</Filter>
    </ClInclude>
    <ClInclude Include="Source\Dependencies\imgui\imstb_rectpack.h">
      <Filter>Deps\imGui</Filter>
    </ClInclude>
    <ClInclude Include="Source\Dependencies\imgui\imstb_textedit.h">
      <Filter>Deps\imGui</Filter>
    </ClInclude>
    <ClInclude Include="Source\Dependencies\imgui\imstb_truetype.h">
      <Filter>Deps\imGui</Filter>
    </ClInclude>
    <ClInclude Include="Source\Dependencies\imgui\examples\imgui_impl_opengl3.h">
      <Filter>Deps\imGui</Filter>
    </ClInclude>
    <ClInclude Include="Source\Dependencies\imgui\examples\imgui_impl_sdl.h">
      <Filter>Deps\imGui</Filter>
    </ClInclude>
    <ClInclude Include="Source\Importer.h" />
    <ClInclude Include="Source\ModuleEditor.h">
      <Filter>Sources\Modules</Filter>
    </ClInclude>
    <ClInclude Include="Source/ModuleCamera3D.h">
      <Filter>Sources\Modules</Filter>
    </ClInclude>
    <ClInclude Include="Source/ModuleInput.h">
      <Filter>Sources\Modules</Filter>
    </ClInclude>
    <ClInclude Include="Source/ModuleRenderer3D.h">
      <Filter>Sources\Modules</Filter>
    </ClInclude>
    <ClInclude Include="Source/ModuleSceneIntro.h">
      <Filter>Sources\Modules</Filter>
    </ClInclude>
    <ClInclude Include="Source/ModuleWindow.h">
      <Filter>Sources\Modules</Filter>
    </ClInclude>
    <ClInclude Include="Source/Module.h">
      <Filter>Sources\Modules</Filter>
    </ClInclude>
    <ClInclude Include="Source\Shader.h" />
    <ClInclude Include="Source\ComponentMesh.h">
      <Filter>Sources\GameObjects&amp;Components</Filter>
    </ClInclude>
    <ClInclude Include="Source\GameObjects.h">
      <Filter>Sources\GameObjects&amp;Components</Filter>
    </ClInclude>
    <ClInclude Include="Source\ComponentCamera.h">
      <Filter>Sources\GameObjects&amp;Components</Filter>
    </ClInclude>
    <ClInclude Include="Source\Dependencies\MathGeoLib\include\MathBuildConfig.h">
      <Filter>Deps\MathGeoLib</Filter>
    </ClInclude>
    <ClInclude Include="Source\Dependencies\MathGeoLib\include\MathGeoLib.h">
      <Filter>Deps\MathGeoLib</Filter>
    </ClInclude>
    <ClInclude Include="Source\Dependencies\MathGeoLib\include\MathGeoLibFwd.h">
      <Filter>Deps\MathGeoLib</Filter>
    </ClInclude>
    <ClInclude Include="Source\Dependencies\MathGeoLib\include\Time\Clock.h">
      <Filter>Deps\MathGeoLib\Time</Filter>
    </ClInclude>
    <ClInclude Include="Source\Dependencies\MathGeoLib\include\Algorithm\Random\LCG.h">
      <Filter>Deps\MathGeoLib\Algorithm</Filter>
    </ClInclude>
    <ClInclude Include="Source\Dependencies\MathGeoLib\include\Geometry\AABB.h">
      <Filter>Deps\MathGeoLib\Geometry</Filter>
    </ClInclude>
    <ClInclude Include="Source\Dependencies\MathGeoLib\include\Geometry\AABB2D.h">
      <Filter>Deps\MathGeoLib\Geometry</Filter>
    </ClInclude>
    <ClInclude Include="Source\Dependencies\MathGeoLib\include\Geometry\Capsule.h">
      <Filter>Deps\MathGeoLib\Geometry</Filter>
    </ClInclude>
    <ClInclude Include="Source\Dependencies\MathGeoLib\include\Geometry\Circle.h">
      <Filter>Deps\MathGeoLib\Geometry</Filter>
    </ClInclude>
    <ClInclude Include="Source\Dependencies\MathGeoLib\include\Geometry\Cone.h">
      <Filter>Deps\MathGeoLib\Geometry</Filter>
    </ClInclude>
    <ClInclude Include="Source\Dependencies\MathGeoLib\include\Geometry\Cylinder.h">
      <Filter>Deps\MathGeoLib\Geometry</Filter>
    </ClInclude>
    <ClInclude Include="Source\Dependencies\MathGeoLib\include\Geometry\Frustum.h">
      <Filter>Deps\MathGeoLib\Geometry</Filter>
    </ClInclude>
    <ClInclude Include="Source\Dependencies\MathGeoLib\include\Geometry\GeometryAll.h">
      <Filter>Deps\MathGeoLib\Geometry</Filter>
    </ClInclude>
    <ClInclude Include="Source\Dependencies\MathGeoLib\include\Geometry\GeomType.h">
      <Filter>Deps\MathGeoLib\Geometry</Filter>
    </ClInclude>
    <ClInclude Include="Source\Dependencies\MathGeoLib\include\Geometry\HitInfo.h">
      <Filter>Deps\MathGeoLib\Geometry</Filter>
    </ClInclude>
    <ClInclude Include="Source\Dependencies\MathGeoLib\include\Geometry\KDTree.h">
      <Filter>Deps\MathGeoLib\Geometry</Filter>
    </ClInclude>
    <ClInclude Include="Source\Dependencies\MathGeoLib\include\Geometry\Line.h">
      <Filter>Deps\MathGeoLib\Geometry</Filter>
    </ClInclude>
    <ClInclude Include="Source\Dependencies\MathGeoLib\include\Geometry\LineSegment.h">
      <Filter>Deps\MathGeoLib\Geometry</Filter>
    </ClInclude>
    <ClInclude Include="Source\Dependencies\MathGeoLib\include\Geometry\OBB.h">
      <Filter>Deps\MathGeoLib\Geometry</Filter>
    </ClInclude>
    <ClInclude Include="Source\Dependencies\MathGeoLib\include\Geometry\PBVolume.h">
      <Filter>Deps\MathGeoLib\Geometry</Filter>
    </ClInclude>
    <ClInclude Include="Source\Dependencies\MathGeoLib\include\Geometry\Plane.h">
      <Filter>Deps\MathGeoLib\Geometry</Filter>
    </ClInclude>
    <ClInclude Include="Source\Dependencies\MathGeoLib\include\Geometry\Polygon.h">
      <Filter>Deps\MathGeoLib\Geometry</Filter>
    </ClInclude>
    <ClInclude Include="Source\Dependencies\MathGeoLib\include\Geometry\Polyhedron.h">
      <Filter>Deps\MathGeoLib\Geometry</Filter>
    </ClInclude>
    <ClInclude Include="Source\Dependencies\MathGeoLib\include\Geometry\QuadTree.h">
      <Filter>Deps\MathGeoLib\Geometry</Filter>
    </ClInclude>
    <ClInclude Include="Source\Dependencies\MathGeoLib\include\Geometry\Ray.h">
      <Filter>Deps\MathGeoLib\Geometry</Filter>
    </ClInclude>
    <ClInclude Include="Source\Dependencies\MathGeoLib\include\Geometry\Sphere.h">
      <Filter>Deps\MathGeoLib\Geometry</Filter>
    </ClInclude>
    <ClInclude Include="Source\Dependencies\MathGeoLib\include\Geometry\Triangle.h">
      <Filter>Deps\MathGeoLib\Geometry</Filter>
    </ClInclude>
    <ClInclude Include="Source\Dependencies\MathGeoLib\include\Geometry\TriangleMesh.h">
      <Filter>Deps\MathGeoLib\Geometry</Filter>
    </ClInclude>
    <ClInclude Include="Source\Dependencies\MathGeoLib\include\Math\assume.h">
      <Filter>Deps\MathGeoLib\Math</Filter>
    </ClInclude>
    <ClInclude Include="Source\Dependencies\MathGeoLib\include\Math\BitOps.h">
      <Filter>Deps\MathGeoLib\Math</Filter>
    </ClInclude>
    <ClInclude Include="Source\Dependencies\MathGeoLib\include\Math\Complex.h">
      <Filter>Deps\MathGeoLib\Math</Filter>
    </ClInclude>
    <ClInclude Include="Source\Dependencies\MathGeoLib\include\Math\CoordinateAxisConvention.h">
      <Filter>Deps\MathGeoLib\Math</Filter>
    </ClInclude>
    <ClInclude Include="Source\Dependencies\MathGeoLib\include\Math\FixedPoint.h">
      <Filter>Deps\MathGeoLib\Math</Filter>
    </ClInclude>
    <ClInclude Include="Source\Dependencies\MathGeoLib\include\Math\float2.h">
      <Filter>Deps\MathGeoLib\Math</Filter>
    </ClInclude>
    <ClInclude Include="Source\Dependencies\MathGeoLib\include\Math\float3.h">
      <Filter>Deps\MathGeoLib\Math</Filter>
    </ClInclude>
    <ClInclude Include="Source\Dependencies\MathGeoLib\include\Math\float3x3.h">
      <Filter>Deps\MathGeoLib\Math</Filter>
    </ClInclude>
    <ClInclude Include="Source\Dependencies\MathGeoLib\include\Math\float3x4.h">
      <Filter>Deps\MathGeoLib\Math</Filter>
    </ClInclude>
    <ClInclude Include="Source\Dependencies\MathGeoLib\include\Math\float4.h">
      <Filter>Deps\MathGeoLib\Math</Filter>
    </ClInclude>
    <ClInclude Include="Source\Dependencies\MathGeoLib\include\Math\float4_neon.h">
      <Filter>Deps\MathGeoLib\Math</Filter>
    </ClInclude>
    <ClInclude Include="Source\Dependencies\MathGeoLib\include\Math\float4_sse.h">
      <Filter>Deps\MathGeoLib\Math</Filter>
    </ClInclude>
    <ClInclude Include="Source\Dependencies\MathGeoLib\include\Math\float4x4.h">
      <Filter>Deps\MathGeoLib\Math</Filter>
    </ClInclude>
    <ClInclude Include="Source\Dependencies\MathGeoLib\include\Math\float4x4_neon.h">
      <Filter>Deps\MathGeoLib\Math</Filter>
    </ClInclude>
    <ClInclude Include="Source\Dependencies\MathGeoLib\include\Math\float4x4_sse.h">
      <Filter>Deps\MathGeoLib\Math</Filter>
    </ClInclude>
    <ClInclude Include="Source\Dependencies\MathGeoLib\include\Math\FloatCmp.h">
      <Filter>Deps\MathGeoLib\Math</Filter>
    </ClInclude>
    <ClInclude Include="Source\Dependencies\MathGeoLib\include\Math\MathAll.h">
      <Filter>Deps\MathGeoLib\Math</Filter>
    </ClInclude>
    <ClInclude Include="Source\Dependencies\MathGeoLib\include\Math\MathConstants.h">
      <Filter>Deps\MathGeoLib\Math</Filter>
    </ClInclude>
    <ClInclude Include="Source\Dependencies\MathGeoLib\include\Math\MathFunc.h">
      <Filter>Deps\MathGeoLib\Math</Filter>
    </ClInclude>
    <ClInclude Include="Source\Dependencies\MathGeoLib\include\Math\MathLog.h">
      <Filter>Deps\MathGeoLib\Math</Filter>
    </ClInclude>
    <ClInclude Include="Source\Dependencies\MathGeoLib\include\Math\MathNamespace.h">
      <Filter>Deps\MathGeoLib\Math</Filter>
    </ClInclude>
    <ClInclude Include="Source\Dependencies\MathGeoLib\include\Math\MathTypes.h">
      <Filter>Deps\MathGeoLib\Math</Filter>
    </ClInclude>
    <ClInclude Include="Source\Dependencies\MathGeoLib\include\Math\MatrixProxy.h">
      <Filter>Deps\MathGeoLib\Math</Filter>
    </ClInclude>
    <ClInclude Include="Source\Dependencies\MathGeoLib\include\Math\myassert.h">
      <Filter>Deps\MathGeoLib\Math</Filter>
    </ClInclude>
    <ClInclude Include="Source\Dependencies\MathGeoLib\include\Math\Polynomial.h">
      <Filter>Deps\MathGeoLib\Math</Filter>
    </ClInclude>
    <ClInclude Include="Source\Dependencies\MathGeoLib\include\Math\Quat.h">
      <Filter>Deps\MathGeoLib\Math</Filter>
    </ClInclude>
    <ClInclude Include="Source\Dependencies\MathGeoLib\include\Math\quat_simd.h">
      <Filter>Deps\MathGeoLib\Math</Filter>
    </ClInclude>
    <ClInclude Include="Source\Dependencies\MathGeoLib\include\Math\Rect.h">
      <Filter>Deps\MathGeoLib\Math</Filter>
    </ClInclude>
    <ClInclude Include="Source\Dependencies\MathGeoLib\include\Math\Reinterpret.h">
      <Filter>Deps\MathGeoLib\Math</Filter>
    </ClInclude>
    <ClInclude Include="Source\Dependencies\MathGeoLib\include\Math\sse_mathfun.h">
      <Filter>Deps\MathGeoLib\Math</Filter>
    </ClInclude>
    <ClInclude Include="Source\Dependencies\MathGeoLib\include\Math\SSEMath.h">
      <Filter>Deps\MathGeoLib\Math</Filter>
    </ClInclude>
    <ClInclude Include="Source\Dependencies\MathGeoLib\include\Math\TransformOps.h">
      <Filter>Deps\MathGeoLib\Math</Filter>
    </ClInclude>
    <ClInclude Include="Source\ComponentTransform.h">
      <Filter>Sources\GameObjects&amp;Components</Filter>
    </ClInclude>
    <ClInclude Include="Source\Component.h">
      <Filter>Sources\GameObjects&amp;Components</Filter>
    </ClInclude>
    <ClInclude Include="Source\ComponentMaterial.h">
      <Filter>Sources\GameObjects&amp;Components</Filter>
    </ClInclude>
    <ClInclude Include="Source/Color.h">
      <Filter>Sources\Helpers</Filter>
    </ClInclude>
    <ClInclude Include="Source/Light.h">
      <Filter>Sources\Helpers</Filter>
    </ClInclude>
    <ClInclude Include="Source/Primitive.h">
      <Filter>Sources\Helpers</Filter>
    </ClInclude>
    <ClInclude Include="Source/Timer.h">
      <Filter>Sources\Tools</Filter>
    </ClInclude>
    <ClInclude Include="Source/glmath.h">
      <Filter>Sources\Tools</Filter>
    </ClInclude>
  </ItemGroup>
  <ItemGroup>
    <ClCompile Include="Source/Application.cpp" />
    <ClCompile Include="Source/Main.cpp" />
    <ClCompile Include="Source\Dependencies\imgui\imgui.cpp">
      <Filter>Deps\imGui</Filter>
    </ClCompile>
    <ClCompile Include="Source\Dependencies\imgui\imgui_demo.cpp">
      <Filter>Deps\imGui</Filter>
    </ClCompile>
    <ClCompile Include="Source\Dependencies\imgui\imgui_draw.cpp">
      <Filter>Deps\imGui</Filter>
    </ClCompile>
    <ClCompile Include="Source\Dependencies\imgui\imgui_widgets.cpp">
      <Filter>Deps\imGui</Filter>
    </ClCompile>
    <ClCompile Include="Source\Dependencies\imgui\examples\imgui_impl_opengl3.cpp">
      <Filter>Deps\imGui</Filter>
    </ClCompile>
    <ClCompile Include="Source\Dependencies\imgui\examples\imgui_impl_sdl.cpp">
      <Filter>Deps\imGui</Filter>
    </ClCompile>
    <ClCompile Include="Source\Importer.cpp" />
    <ClCompile Include="Source\ModuleEditor.cpp">
      <Filter>Sources\Modules</Filter>
    </ClCompile>
    <ClCompile Include="Source/ModuleCamera3D.cpp">
      <Filter>Sources\Modules</Filter>
    </ClCompile>
    <ClCompile Include="Source/ModuleInput.cpp">
      <Filter>Sources\Modules</Filter>
    </ClCompile>
    <ClCompile Include="Source/ModuleRenderer3D.cpp">
      <Filter>Sources\Modules</Filter>
    </ClCompile>
    <ClCompile Include="Source/ModuleSceneIntro.cpp">
      <Filter>Sources\Modules</Filter>
    </ClCompile>
    <ClCompile Include="Source/ModuleWindow.cpp">
      <Filter>Sources\Modules</Filter>
    </ClCompile>
    <ClCompile Include="Source\Shader.cpp" />
    <ClCompile Include="Source\ComponentMesh.cpp">
      <Filter>Sources\GameObjects&amp;Components</Filter>
    </ClCompile>
    <ClCompile Include="Source\GameObjects.cpp">
      <Filter>Sources\GameObjects&amp;Components</Filter>
    </ClCompile>
    <ClCompile Include="Source\ComponentCamera.cpp">
      <Filter>Sources\GameObjects&amp;Components</Filter>
    </ClCompile>
    <ClCompile Include="Source\Dependencies\MathGeoLib\include\Time\Clock.cpp">
      <Filter>Deps\MathGeoLib\Time</Filter>
    </ClCompile>
    <ClCompile Include="Source\Dependencies\MathGeoLib\include\Algorithm\Random\LCG.cpp">
      <Filter>Deps\MathGeoLib\Algorithm</Filter>
    </ClCompile>
    <ClCompile Include="Source\Dependencies\MathGeoLib\include\Geometry\AABB.cpp">
      <Filter>Deps\MathGeoLib\Geometry</Filter>
    </ClCompile>
    <ClCompile Include="Source\Dependencies\MathGeoLib\include\Geometry\Capsule.cpp">
      <Filter>Deps\MathGeoLib\Geometry</Filter>
    </ClCompile>
    <ClCompile Include="Source\Dependencies\MathGeoLib\include\Geometry\Circle.cpp">
      <Filter>Deps\MathGeoLib\Geometry</Filter>
    </ClCompile>
    <ClCompile Include="Source\Dependencies\MathGeoLib\include\Geometry\Cone.cpp">
      <Filter>Deps\MathGeoLib\Geometry</Filter>
    </ClCompile>
    <ClCompile Include="Source\Dependencies\MathGeoLib\include\Geometry\Cylinder.cpp">
      <Filter>Deps\MathGeoLib\Geometry</Filter>
    </ClCompile>
    <ClCompile Include="Source\Dependencies\MathGeoLib\include\Geometry\Frustum.cpp">
      <Filter>Deps\MathGeoLib\Geometry</Filter>
    </ClCompile>
    <ClCompile Include="Source\Dependencies\MathGeoLib\include\Geometry\Line.cpp">
      <Filter>Deps\MathGeoLib\Geometry</Filter>
    </ClCompile>
    <ClCompile Include="Source\Dependencies\MathGeoLib\include\Geometry\LineSegment.cpp">
      <Filter>Deps\MathGeoLib\Geometry</Filter>
    </ClCompile>
    <ClCompile Include="Source\Dependencies\MathGeoLib\include\Geometry\OBB.cpp">
      <Filter>Deps\MathGeoLib\Geometry</Filter>
    </ClCompile>
    <ClCompile Include="Source\Dependencies\MathGeoLib\include\Geometry\Plane.cpp">
      <Filter>Deps\MathGeoLib\Geometry</Filter>
    </ClCompile>
    <ClCompile Include="Source\Dependencies\MathGeoLib\include\Geometry\Polygon.cpp">
      <Filter>Deps\MathGeoLib\Geometry</Filter>
    </ClCompile>
    <ClCompile Include="Source\Dependencies\MathGeoLib\include\Geometry\Polyhedron.cpp">
      <Filter>Deps\MathGeoLib\Geometry</Filter>
    </ClCompile>
    <ClCompile Include="Source\Dependencies\MathGeoLib\include\Geometry\Ray.cpp">
      <Filter>Deps\MathGeoLib\Geometry</Filter>
    </ClCompile>
    <ClCompile Include="Source\Dependencies\MathGeoLib\include\Geometry\Sphere.cpp">
      <Filter>Deps\MathGeoLib\Geometry</Filter>
    </ClCompile>
    <ClCompile Include="Source\Dependencies\MathGeoLib\include\Geometry\Triangle.cpp">
      <Filter>Deps\MathGeoLib\Geometry</Filter>
    </ClCompile>
    <ClCompile Include="Source\Dependencies\MathGeoLib\include\Geometry\TriangleMesh.cpp">
      <Filter>Deps\MathGeoLib\Geometry</Filter>
    </ClCompile>
    <ClCompile Include="Source\Dependencies\MathGeoLib\include\Math\BitOps.cpp">
      <Filter>Deps\MathGeoLib\Math</Filter>
    </ClCompile>
    <ClCompile Include="Source\Dependencies\MathGeoLib\include\Math\float2.cpp">
      <Filter>Deps\MathGeoLib\Math</Filter>
    </ClCompile>
    <ClCompile Include="Source\Dependencies\MathGeoLib\include\Math\float3.cpp">
      <Filter>Deps\MathGeoLib\Math</Filter>
    </ClCompile>
    <ClCompile Include="Source\Dependencies\MathGeoLib\include\Math\float3x3.cpp">
      <Filter>Deps\MathGeoLib\Math</Filter>
    </ClCompile>
    <ClCompile Include="Source\Dependencies\MathGeoLib\include\Math\float3x4.cpp">
      <Filter>Deps\MathGeoLib\Math</Filter>
    </ClCompile>
    <ClCompile Include="Source\Dependencies\MathGeoLib\include\Math\float4.cpp">
      <Filter>Deps\MathGeoLib\Math</Filter>
    </ClCompile>
    <ClCompile Include="Source\Dependencies\MathGeoLib\include\Math\float4x4.cpp">
      <Filter>Deps\MathGeoLib\Math</Filter>
    </ClCompile>
    <ClCompile Include="Source\Dependencies\MathGeoLib\include\Math\MathFunc.cpp">
      <Filter>Deps\MathGeoLib\Math</Filter>
    </ClCompile>
    <ClCompile Include="Source\Dependencies\MathGeoLib\include\Math\MathLog.cpp">
      <Filter>Deps\MathGeoLib\Math</Filter>
    </ClCompile>
    <ClCompile Include="Source\Dependencies\MathGeoLib\include\Math\MathOps.cpp">
      <Filter>Deps\MathGeoLib\Math</Filter>
    </ClCompile>
    <ClCompile Include="Source\Dependencies\MathGeoLib\include\Math\Polynomial.cpp">
      <Filter>Deps\MathGeoLib\Math</Filter>
    </ClCompile>
    <ClCompile Include="Source\Dependencies\MathGeoLib\include\Math\Quat.cpp">
      <Filter>Deps\MathGeoLib\Math</Filter>
    </ClCompile>
    <ClCompile Include="Source\Dependencies\MathGeoLib\include\Math\SSEMath.cpp">
      <Filter>Deps\MathGeoLib\Math</Filter>
    </ClCompile>
    <ClCompile Include="Source\Dependencies\MathGeoLib\include\Math\TransformOps.cpp">
      <Filter>Deps\MathGeoLib\Math</Filter>
    </ClCompile>
    <ClCompile Include="Source\ComponentTransform.cpp">
      <Filter>Sources\GameObjects&amp;Components</Filter>
    </ClCompile>
    <ClCompile Include="Source\Component.cpp">
      <Filter>Sources\GameObjects&amp;Components</Filter>
    </ClCompile>
    <ClCompile Include="Source\ComponentMaterial.cpp">
      <Filter>Sources\GameObjects&amp;Components</Filter>
    </ClCompile>
    <ClCompile Include="Source/Color.cpp">
      <Filter>Sources\Helpers</Filter>
    </ClCompile>
    <ClCompile Include="Source/Light.cpp">
      <Filter>Sources\Helpers</Filter>
    </ClCompile>
    <ClCompile Include="Source/Primitive.cpp">
      <Filter>Sources\Helpers</Filter>
    </ClCompile>
    <ClCompile Include="Source/log.cpp">
      <Filter>Sources\Tools</Filter>
    </ClCompile>
    <ClCompile Include="Source/Timer.cpp">
      <Filter>Sources\Tools</Filter>
    </ClCompile>
    <ClCompile Include="Source/glmath.cpp">
      <Filter>Sources\Tools</Filter>
    </ClCompile>
  </ItemGroup>
  <ItemGroup>
    <None Include="Source\Dependencies\MathGeoLib\include\Geometry\KDTree.inl">
      <Filter>Deps\MathGeoLib\Geometry</Filter>
    </None>
    <None Include="Source\Dependencies\MathGeoLib\include\Geometry\QuadTree.inl">
      <Filter>Deps\MathGeoLib\Geometry</Filter>
    </None>
    <None Include="Source\Dependencies\MathGeoLib\include\Geometry\TriangleMesh_IntersectRay_AVX.inl">
      <Filter>Deps\MathGeoLib\Geometry</Filter>
    </None>
    <None Include="Source\Dependencies\MathGeoLib\include\Geometry\TriangleMesh_IntersectRay_CPP.inl">
      <Filter>Deps\MathGeoLib\Geometry</Filter>
    </None>
    <None Include="Source\Dependencies\MathGeoLib\include\Geometry\TriangleMesh_IntersectRay_SSE.inl">
      <Filter>Deps\MathGeoLib\Geometry</Filter>
    </None>
    <None Include="Source\Dependencies\MathGeoLib\include\Math\Matrix.inl">
      <Filter>Deps\MathGeoLib\Math</Filter>
    </None>
  </ItemGroup>
</Project>